
Microsoft Visual Studio Solution File, Format Version 12.00
# Visual Studio Version 17
VisualStudioVersion = 17.6.33712.159
MinimumVisualStudioVersion = 10.0.40219.1
Project("{9A19103F-16F7-4668-BE54-9A1E7A4F7556}") = "azureChatty", "azureChatty.csproj", "{DED6871D-B408-44CC-AC9D-DAB64B67B5E3}"
EndProject
Global
	GlobalSection(SolutionConfigurationPlatforms) = preSolution
		Debug|Any CPU = Debug|Any CPU
		Release|Any CPU = Release|Any CPU
	EndGlobalSection
	GlobalSection(ProjectConfigurationPlatforms) = postSolution
		{DED6871D-B408-44CC-AC9D-DAB64B67B5E3}.Debug|Any CPU.ActiveCfg = Debug|Any CPU
		{DED6871D-B408-44CC-AC9D-DAB64B67B5E3}.Debug|Any CPU.Build.0 = Debug|Any CPU
		{DED6871D-B408-44CC-AC9D-DAB64B67B5E3}.Release|Any CPU.ActiveCfg = Release|Any CPU
		{DED6871D-B408-44CC-AC9D-DAB64B67B5E3}.Release|Any CPU.Build.0 = Release|Any CPU
	EndGlobalSection
	GlobalSection(SolutionProperties) = preSolution
		HideSolutionNode = FALSE
	EndGlobalSection
	GlobalSection(ExtensibilityGlobals) = postSolution
		SolutionGuid = {1F601428-8E01-44CC-8228-16F69542A843}
	EndGlobalSection
EndGlobal
